
Microsoft Visual Studio Solution File, Format Version 12.00
# Visual Studio Version 16
VisualStudioVersion = 16.0.31729.503
MinimumVisualStudioVersion = 10.0.40219.1
Project("{FAE04EC0-301F-11D3-BF4B-00C04F79EFBC}") = "Lab8.1", "Lab8.1\Lab8.1.csproj", "{BBC86D1B-6776-4A86-AB1F-6947675A1B15}"
EndProject
Project("{FAE04EC0-301F-11D3-BF4B-00C04F79EFBC}") = "Lab8.2", "Lab8.2\Lab8.2.csproj", "{46B0CABE-42F3-496C-AA84-49DF16DE847A}"
EndProject
Global
	GlobalSection(SolutionConfigurationPlatforms) = preSolution
		Debug|Any CPU = Debug|Any CPU
		Release|Any CPU = Release|Any CPU
	EndGlobalSection
	GlobalSection(ProjectConfigurationPlatforms) = postSolution
		{BBC86D1B-6776-4A86-AB1F-6947675A1B15}.Debug|Any CPU.ActiveCfg = Debug|Any CPU
		{BBC86D1B-6776-4A86-AB1F-6947675A1B15}.Debug|Any CPU.Build.0 = Debug|Any CPU
		{BBC86D1B-6776-4A86-AB1F-6947675A1B15}.Release|Any CPU.ActiveCfg = Release|Any CPU
		{BBC86D1B-6776-4A86-AB1F-6947675A1B15}.Release|Any CPU.Build.0 = Release|Any CPU
		{46B0CABE-42F3-496C-AA84-49DF16DE847A}.Debug|Any CPU.ActiveCfg = Debug|Any CPU
		{46B0CABE-42F3-496C-AA84-49DF16DE847A}.Debug|Any CPU.Build.0 = Debug|Any CPU
		{46B0CABE-42F3-496C-AA84-49DF16DE847A}.Release|Any CPU.ActiveCfg = Release|Any CPU
		{46B0CABE-42F3-496C-AA84-49DF16DE847A}.Release|Any CPU.Build.0 = Release|Any CPU
	EndGlobalSection
	GlobalSection(SolutionProperties) = preSolution
		HideSolutionNode = FALSE
	EndGlobalSection
	GlobalSection(ExtensibilityGlobals) = postSolution
		SolutionGuid = {773C71A8-FAED-4ECF-9E8A-6DA3AEB26DED}
	EndGlobalSection
EndGlobal
